
Microsoft Visual Studio Solution File, Format Version 12.00
# Visual Studio Version 17
VisualStudioVersion = 17.11.35219.272
MinimumVisualStudioVersion = 10.0.40219.1
Project("{FAE04EC0-301F-11D3-BF4B-00C04F79EFBC}") = "SubliColor_APP.Server", "SubliColor_APP.Server\SubliColor_APP.Server.csproj", "{4A9557C6-3B8E-49AF-9E30-024156C2A9A2}"
EndProject
Project("{54A90642-561A-4BB1-A94E-469ADEE60C69}") = "sublicolor_app.client", "sublicolor_app.client\sublicolor_app.client.esproj", "{FD86F476-438E-4F92-8323-F5481522E6D5}"
EndProject
Global
	GlobalSection(SolutionConfigurationPlatforms) = preSolution
		Debug|Any CPU = Debug|Any CPU
		Release|Any CPU = Release|Any CPU
	EndGlobalSection
	GlobalSection(ProjectConfigurationPlatforms) = postSolution
		{4A9557C6-3B8E-49AF-9E30-024156C2A9A2}.Debug|Any CPU.ActiveCfg = Debug|Any CPU
		{4A9557C6-3B8E-49AF-9E30-024156C2A9A2}.Debug|Any CPU.Build.0 = Debug|Any CPU
		{4A9557C6-3B8E-49AF-9E30-024156C2A9A2}.Release|Any CPU.ActiveCfg = Release|Any CPU
		{4A9557C6-3B8E-49AF-9E30-024156C2A9A2}.Release|Any CPU.Build.0 = Release|Any CPU
		{FD86F476-438E-4F92-8323-F5481522E6D5}.Debug|Any CPU.ActiveCfg = Debug|Any CPU
		{FD86F476-438E-4F92-8323-F5481522E6D5}.Debug|Any CPU.Build.0 = Debug|Any CPU
		{FD86F476-438E-4F92-8323-F5481522E6D5}.Debug|Any CPU.Deploy.0 = Debug|Any CPU
		{FD86F476-438E-4F92-8323-F5481522E6D5}.Release|Any CPU.ActiveCfg = Release|Any CPU
		{FD86F476-438E-4F92-8323-F5481522E6D5}.Release|Any CPU.Build.0 = Release|Any CPU
		{FD86F476-438E-4F92-8323-F5481522E6D5}.Release|Any CPU.Deploy.0 = Release|Any CPU
	EndGlobalSection
	GlobalSection(SolutionProperties) = preSolution
		HideSolutionNode = FALSE
	EndGlobalSection
	GlobalSection(ExtensibilityGlobals) = postSolution
		SolutionGuid = {C33035E2-2A59-4F8F-AE80-2C64EA321F19}
	EndGlobalSection
EndGlobal
